
Microsoft Visual Studio Solution File, Format Version 12.00
# Visual Studio Version 17
VisualStudioVersion = 17.9.34728.123
MinimumVisualStudioVersion = 10.0.40219.1
Project("{FAE04EC0-301F-11D3-BF4B-00C04F79EFBC}") = "DentalClinic", "DentalClinic.csproj", "{C1A9EDFC-6775-43E1-A237-E42ACE0EABCE}"
EndProject
Global
	GlobalSection(SolutionConfigurationPlatforms) = preSolution
		Debug|Any CPU = Debug|Any CPU
		Release|Any CPU = Release|Any CPU
	EndGlobalSection
	GlobalSection(ProjectConfigurationPlatforms) = postSolution
		{C1A9EDFC-6775-43E1-A237-E42ACE0EABCE}.Debug|Any CPU.ActiveCfg = Debug|Any CPU
		{C1A9EDFC-6775-43E1-A237-E42ACE0EABCE}.Debug|Any CPU.Build.0 = Debug|Any CPU
		{C1A9EDFC-6775-43E1-A237-E42ACE0EABCE}.Release|Any CPU.ActiveCfg = Release|Any CPU
		{C1A9EDFC-6775-43E1-A237-E42ACE0EABCE}.Release|Any CPU.Build.0 = Release|Any CPU
	EndGlobalSection
	GlobalSection(SolutionProperties) = preSolution
		HideSolutionNode = FALSE
	EndGlobalSection
	GlobalSection(ExtensibilityGlobals) = postSolution
		SolutionGuid = {B647432D-D451-44AC-A733-69E948637607}
	EndGlobalSection
EndGlobal
